{
  "version": 4,
  "terraform_version": "1.1.7",
  "serial": 901,
  "lineage": "39776c03-8e25-cb99-6124-28eb49a0de77",
  "outputs": {},
  "resources": [
    {
      "mode": "data",
      "type": "archive_file",
      "name": "zip_the_python_code",
      "provider": "provider[\"registry.terraform.io/hashicorp/archive\"]",
      "instances": [
        {
          "schema_version": 0,
          "attributes": {
            "excludes": null,
            "id": "26e82266746c75a45790ac6951332de3a09c3a84",
            "output_base64sha256": "siRkLN4X+MUCEmwS5R6t/Gnq5TIgy2lEmYYRXzRd6G4=",
            "output_file_mode": null,
            "output_md5": "60a39b05a3b0f842faebeb712825c644",
            "output_path": "./python/lambda_function.zip",
            "output_sha": "26e82266746c75a45790ac6951332de3a09c3a84",
            "output_size": 312,
            "source": [],
            "source_content": null,
            "source_content_filename": null,
            "source_dir": null,
            "source_file": "./lambda_function.py",
            "type": "zip"
          },
          "sensitive_attributes": []
        }
      ]
    },
    {
      "mode": "data",
      "type": "aws_caller_identity",
      "name": "current",
      "provider": "provider[\"registry.terraform.io/hashicorp/aws\"]",
      "instances": [
        {
          "schema_version": 0,
          "attributes": {
            "account_id": "384941664403",
            "arn": "arn:aws:iam::384941664403:root",
            "id": "384941664403",
            "user_id": "384941664403"
          },
          "sensitive_attributes": []
        }
      ]
    },
    {
      "mode": "managed",
      "type": "aws_api_gateway_deployment",
      "name": "api_deployment",
      "provider": "provider[\"registry.terraform.io/hashicorp/aws\"]",
      "instances": [
        {
          "schema_version": 0,
          "attributes": {
            "created_date": "2022-04-21T02:24:48Z",
            "description": "",
            "execution_arn": "arn:aws:execute-api:us-east-1:384941664403:26gesul70j/",
            "id": "meziq5",
            "invoke_url": "https://26gesul70j.execute-api.us-east-1.amazonaws.com/",
            "rest_api_id": "26gesul70j",
            "stage_description": null,
            "stage_name": null,
            "triggers": null,
            "variables": null
          },
          "sensitive_attributes": [],
          "private": "bnVsbA==",
          "dependencies": [
            "aws_api_gateway_integration.lambda_test",
            "aws_api_gateway_method.postmethod",
            "aws_api_gateway_resource.proxy",
            "aws_api_gateway_rest_api.api",
            "aws_iam_role.apigateway_role",
            "aws_lambda_function.terraform_lambda_func",
            "data.archive_file.zip_the_python_code"
          ]
        }
      ]
    },
    {
      "mode": "managed",
      "type": "aws_api_gateway_integration",
      "name": "lambda_test",
      "provider": "provider[\"registry.terraform.io/hashicorp/aws\"]",
      "instances": [
        {
          "schema_version": 0,
          "attributes": {
            "cache_key_parameters": null,
            "cache_namespace": "rv6iaq",
            "connection_id": "",
            "connection_type": "INTERNET",
            "content_handling": "",
            "credentials": "arn:aws:iam::384941664403:role/testapigatewayRole",
            "http_method": "ANY",
            "id": "agi-26gesul70j-rv6iaq-ANY",
            "integration_http_method": "ANY",
            "passthrough_behavior": "WHEN_NO_MATCH",
            "request_parameters": null,
            "request_templates": null,
            "resource_id": "rv6iaq",
            "rest_api_id": "26gesul70j",
            "timeout_milliseconds": 29000,
            "tls_config": [],
            "type": "AWS_PROXY",
            "uri": "arn:aws:apigateway:us-east-1:lambda:path/2015-03-31/functions/arn:aws:lambda:us-east-1:384941664403:function:helloworld_Lambda_Function/invocations"
          },
          "sensitive_attributes": [],
          "private": "bnVsbA==",
          "dependencies": [
            "aws_api_gateway_method.postmethod",
            "aws_api_gateway_resource.proxy",
            "aws_api_gateway_rest_api.api",
            "aws_iam_role.apigateway_role",
            "aws_lambda_function.terraform_lambda_func",
            "data.archive_file.zip_the_python_code"
          ]
        }
      ]
    },
    {
      "mode": "managed",
      "type": "aws_api_gateway_method",
      "name": "postmethod",
      "provider": "provider[\"registry.terraform.io/hashicorp/aws\"]",
      "instances": [
        {
          "schema_version": 0,
          "attributes": {
            "api_key_required": false,
            "authorization": "NONE",
            "authorization_scopes": null,
            "authorizer_id": null,
            "http_method": "ANY",
            "id": "agm-26gesul70j-rv6iaq-ANY",
            "operation_name": null,
            "request_models": null,
            "request_parameters": null,
            "request_validator_id": null,
            "resource_id": "rv6iaq",
            "rest_api_id": "26gesul70j"
          },
          "sensitive_attributes": [],
          "private": "bnVsbA==",
          "dependencies": [
            "aws_api_gateway_resource.proxy",
            "aws_api_gateway_rest_api.api"
          ]
        }
      ]
    },
    {
      "mode": "managed",
      "type": "aws_api_gateway_resource",
      "name": "proxy",
      "provider": "provider[\"registry.terraform.io/hashicorp/aws\"]",
      "instances": [
        {
          "schema_version": 0,
          "attributes": {
            "id": "rv6iaq",
            "parent_id": "398kjl80h2",
            "path": "/Test_ProbPred_AN_test",
            "path_part": "Test_ProbPred_AN_test",
            "rest_api_id": "26gesul70j"
          },
          "sensitive_attributes": [],
          "private": "bnVsbA==",
          "dependencies": [
            "aws_api_gateway_rest_api.api"
          ]
        }
      ]
    },
    {
      "mode": "managed",
      "type": "aws_api_gateway_rest_api",
      "name": "api",
      "provider": "provider[\"registry.terraform.io/hashicorp/aws\"]",
      "instances": [
        {
          "schema_version": 0,
          "attributes": {
            "api_key_source": "HEADER",
            "arn": "arn:aws:apigateway:us-east-1::/restapis/26gesul70j",
            "binary_media_types": [],
            "body": null,
            "created_date": "2022-04-21T02:24:33Z",
            "description": "Automate next API Gateway",
            "disable_execute_api_endpoint": false,
            "endpoint_configuration": [
              {
                "types": [
                  "REGIONAL"
                ],
                "vpc_endpoint_ids": []
              }
            ],
            "execution_arn": "arn:aws:execute-api:us-east-1:384941664403:26gesul70j",
            "id": "26gesul70j",
            "minimum_compression_size": -1,
            "name": "new_automate-api-gateway",
            "parameters": null,
            "policy": "",
            "root_resource_id": "398kjl80h2",
            "tags": null,
            "tags_all": {}
          },
          "sensitive_attributes": [],
          "private": "bnVsbA=="
        }
      ]
    },
    {
      "mode": "managed",
      "type": "aws_api_gateway_stage",
      "name": "example",
      "provider": "provider[\"registry.terraform.io/hashicorp/aws\"]",
      "instances": [
        {
          "schema_version": 0,
          "attributes": {
            "access_log_settings": [],
            "arn": "arn:aws:apigateway:us-east-1::/restapis/26gesul70j/stages/abc",
            "cache_cluster_enabled": false,
            "cache_cluster_size": "",
            "client_certificate_id": "",
            "deployment_id": "meziq5",
            "description": "",
            "documentation_version": "",
            "execution_arn": "arn:aws:execute-api:us-east-1:384941664403:26gesul70j/abc",
            "id": "ags-26gesul70j-abc",
            "invoke_url": "https://26gesul70j.execute-api.us-east-1.amazonaws.com/abc",
            "rest_api_id": "26gesul70j",
            "stage_name": "abc",
            "tags": null,
            "tags_all": {},
            "variables": null,
            "web_acl_arn": "",
            "xray_tracing_enabled": false
          },
          "sensitive_attributes": [],
          "private": "bnVsbA==",
          "dependencies": [
            "aws_api_gateway_deployment.api_deployment",
            "aws_api_gateway_integration.lambda_test",
            "aws_api_gateway_method.postmethod",
            "aws_api_gateway_resource.proxy",
            "aws_api_gateway_rest_api.api",
            "aws_iam_role.apigateway_role",
            "aws_lambda_function.terraform_lambda_func",
            "data.archive_file.zip_the_python_code"
          ]
        }
      ]
    },
    {
      "mode": "managed",
      "type": "aws_api_gateway_stage",
      "name": "testexample",
      "provider": "provider[\"registry.terraform.io/hashicorp/aws\"]",
      "instances": [
        {
          "schema_version": 0,
          "attributes": {
            "access_log_settings": [],
            "arn": "arn:aws:apigateway:us-east-1::/restapis/26gesul70j/stages/prod",
            "cache_cluster_enabled": false,
            "cache_cluster_size": "",
            "client_certificate_id": "",
            "deployment_id": "meziq5",
            "description": "",
            "documentation_version": "",
            "execution_arn": "arn:aws:execute-api:us-east-1:384941664403:26gesul70j/prod",
            "id": "ags-26gesul70j-prod",
            "invoke_url": "https://26gesul70j.execute-api.us-east-1.amazonaws.com/prod",
            "rest_api_id": "26gesul70j",
            "stage_name": "prod",
            "tags": null,
            "tags_all": {},
            "variables": null,
            "web_acl_arn": "",
            "xray_tracing_enabled": false
          },
          "sensitive_attributes": [],
          "private": "bnVsbA==",
          "dependencies": [
            "aws_api_gateway_deployment.api_deployment",
            "aws_api_gateway_integration.lambda_test",
            "aws_api_gateway_method.postmethod",
            "aws_api_gateway_resource.proxy",
            "aws_api_gateway_rest_api.api",
            "aws_iam_role.apigateway_role",
            "aws_lambda_function.terraform_lambda_func",
            "data.archive_file.zip_the_python_code"
          ]
        }
      ]
    },
    {
      "mode": "managed",
      "type": "aws_iam_policy",
      "name": "iam_policy_for_apigateway",
      "provider": "provider[\"registry.terraform.io/hashicorp/aws\"]",
      "instances": [
        {
          "schema_version": 0,
          "attributes": {
            "arn": "arn:aws:iam::384941664403:policy/test_policy",
            "description": "My test policy",
            "id": "arn:aws:iam::384941664403:policy/test_policy",
            "name": "test_policy",
            "name_prefix": null,
            "path": "/",
            "policy": "{\"Statement\":[{\"Action\":[\"lambda:InvokeFunction\"],\"Effect\":\"Allow\",\"Resource\":\"*\"}],\"Version\":\"2012-10-17\"}",
            "policy_id": "ANPAVTICPVCJQXH7NCOEJ",
            "tags": null,
            "tags_all": {}
          },
          "sensitive_attributes": [],
          "private": "bnVsbA=="
        }
      ]
    },
    {
      "mode": "managed",
      "type": "aws_iam_role",
      "name": "apigateway_role",
      "provider": "provider[\"registry.terraform.io/hashicorp/aws\"]",
      "instances": [
        {
          "schema_version": 0,
          "attributes": {
            "arn": "arn:aws:iam::384941664403:role/testapigatewayRole",
            "assume_role_policy": "{\"Version\":\"2012-10-17\",\"Statement\":[{\"Sid\":\"\",\"Effect\":\"Allow\",\"Principal\":{\"Service\":[\"apigateway.amazonaws.com\",\"lambda.amazonaws.com\"]},\"Action\":\"sts:AssumeRole\"}]}",
            "create_date": "2022-04-21T02:24:33Z",
            "description": "",
            "force_detach_policies": false,
            "id": "testapigatewayRole",
            "inline_policy": [
              {
                "name": "",
                "policy": ""
              }
            ],
            "managed_policy_arns": [],
            "max_session_duration": 3600,
            "name": "testapigatewayRole",
            "name_prefix": "",
            "path": "/",
            "permissions_boundary": null,
            "tags": null,
            "tags_all": {},
            "unique_id": "AROAVTICPVCJWMI3E5KOZ"
          },
          "sensitive_attributes": [],
          "private": "bnVsbA=="
        }
      ]
    },
    {
      "mode": "managed",
      "type": "aws_iam_role_policy_attachment",
      "name": "attach_iam_policyattachest",
      "provider": "provider[\"registry.terraform.io/hashicorp/aws\"]",
      "instances": [
        {
          "schema_version": 0,
          "attributes": {
            "id": "testapigatewayRole-20220421022434243300000001",
            "policy_arn": "arn:aws:iam::384941664403:policy/test_policy",
            "role": "testapigatewayRole"
          },
          "sensitive_attributes": [],
          "private": "bnVsbA==",
          "dependencies": [
            "aws_iam_policy.iam_policy_for_apigateway",
            "aws_iam_role.apigateway_role"
          ]
        }
      ]
    },
    {
      "mode": "managed",
      "type": "aws_lambda_function",
      "name": "terraform_lambda_func",
      "provider": "provider[\"registry.terraform.io/hashicorp/aws\"]",
      "instances": [
        {
          "schema_version": 0,
          "attributes": {
            "architectures": [
              "x86_64"
            ],
            "arn": "arn:aws:lambda:us-east-1:384941664403:function:helloworld_Lambda_Function",
            "code_signing_config_arn": "",
            "dead_letter_config": [],
            "description": "",
            "environment": [],
            "file_system_config": [],
            "filename": "./python/lambda_function.zip",
            "function_name": "helloworld_Lambda_Function",
            "handler": "lambda_function.lambda_handler",
            "id": "helloworld_Lambda_Function",
            "image_config": [],
            "image_uri": "",
            "invoke_arn": "arn:aws:apigateway:us-east-1:lambda:path/2015-03-31/functions/arn:aws:lambda:us-east-1:384941664403:function:helloworld_Lambda_Function/invocations",
            "kms_key_arn": "",
            "last_modified": "2022-04-21T02:24:42.102+0000",
            "layers": null,
            "memory_size": 128,
            "package_type": "Zip",
            "publish": false,
            "qualified_arn": "arn:aws:lambda:us-east-1:384941664403:function:helloworld_Lambda_Function:$LATEST",
            "reserved_concurrent_executions": -1,
            "role": "arn:aws:iam::384941664403:role/testapigatewayRole",
            "runtime": "python3.8",
            "s3_bucket": null,
            "s3_key": null,
            "s3_object_version": null,
            "signing_job_arn": "",
            "signing_profile_version_arn": "",
            "source_code_hash": "siRkLN4X+MUCEmwS5R6t/Gnq5TIgy2lEmYYRXzRd6G4=",
            "source_code_size": 312,
            "tags": null,
            "tags_all": {},
            "timeout": 3,
            "timeouts": null,
            "tracing_config": [
              {
                "mode": "PassThrough"
              }
            ],
            "version": "$LATEST",
            "vpc_config": []
          },
          "sensitive_attributes": [],
          "private": "eyJlMmJmYjczMC1lY2FhLTExZTYtOGY4OC0zNDM2M2JjN2M0YzAiOnsiY3JlYXRlIjo2MDAwMDAwMDAwMDB9fQ==",
          "dependencies": [
            "aws_iam_role.apigateway_role",
            "data.archive_file.zip_the_python_code"
          ]
        }
      ]
    },
    {
      "mode": "managed",
      "type": "aws_lambda_permission",
      "name": "lambda_permission",
      "provider": "provider[\"registry.terraform.io/hashicorp/aws\"]",
      "instances": [
        {
          "schema_version": 0,
          "attributes": {
            "action": "lambda:InvokeFunction",
            "event_source_token": null,
            "function_name": "arn:aws:lambda:us-east-1:384941664403:function:helloworld_Lambda_Function",
            "id": "terraform-20220421022447850300000002",
            "principal": "apigateway.amazonaws.com",
            "qualifier": "",
            "source_account": null,
            "source_arn": "arn:aws:execute-api:us-east-1:384941664403:26gesul70j/*/*/Test_ProbPred_AN_test",
            "statement_id": "terraform-20220421022447850300000002",
            "statement_id_prefix": null
          },
          "sensitive_attributes": [],
          "private": "bnVsbA==",
          "dependencies": [
            "aws_api_gateway_method.postmethod",
            "aws_api_gateway_resource.proxy",
            "aws_api_gateway_rest_api.api",
            "aws_iam_role.apigateway_role",
            "aws_lambda_function.terraform_lambda_func",
            "data.archive_file.zip_the_python_code",
            "data.aws_caller_identity.current"
          ]
        }
      ]
    }
  ]
}
